// !$*UTF8*$!
{
	archiveVersion = 1;
	classes = {
	};
	objectVersion = 56;
	objects = {

/* Begin PBXBuildFile section */
		78626B742A1E7633003102D3 /* AppDelegate.swift in Sources */ = {isa = PBXBuildFile; fileRef = 78626B732A1E7633003102D3 /* AppDelegate.swift */; };
		78626B762A1E7633003102D3 /* SceneDelegate.swift in Sources */ = {isa = PBXBuildFile; fileRef = 78626B752A1E7633003102D3 /* SceneDelegate.swift */; };
		78626B7D2A1E7634003102D3 /* Assets.xcassets in Resources */ = {isa = PBXBuildFile; fileRef = 78626B7C2A1E7634003102D3 /* Assets.xcassets */; };
		78626B802A1E7634003102D3 /* LaunchScreen.storyboard in Resources */ = {isa = PBXBuildFile; fileRef = 78626B7E2A1E7634003102D3 /* LaunchScreen.storyboard */; };
		78626B982A1E9447003102D3 /* UIView+addConstrainedSubViews.swift in Sources */ = {isa = PBXBuildFile; fileRef = 78626B972A1E9447003102D3 /* UIView+addConstrainedSubViews.swift */; };
		78626B9A2A1E95BC003102D3 /* PWMainPageViewController.swift in Sources */ = {isa = PBXBuildFile; fileRef = 78626B992A1E95BC003102D3 /* PWMainPageViewController.swift */; };
		78626B9C2A1E95E8003102D3 /* PWProgrammaticUIView.swift in Sources */ = {isa = PBXBuildFile; fileRef = 78626B9B2A1E95E8003102D3 /* PWProgrammaticUIView.swift */; };
		78626BA02A1E9781003102D3 /* PWPrimaryContainerView.swift in Sources */ = {isa = PBXBuildFile; fileRef = 78626B9F2A1E9781003102D3 /* PWPrimaryContainerView.swift */; };
		78626BA62A1F32E9003102D3 /* UIColor+theme.swift in Sources */ = {isa = PBXBuildFile; fileRef = 78626BA52A1F32E9003102D3 /* UIColor+theme.swift */; };
		78626BA82A1F37FC003102D3 /* PWTabBarController.swift in Sources */ = {isa = PBXBuildFile; fileRef = 78626BA72A1F37FC003102D3 /* PWTabBarController.swift */; };
		78626BAA2A1FC35C003102D3 /* PWActivityProgressBarView.swift in Sources */ = {isa = PBXBuildFile; fileRef = 78626BA92A1FC35C003102D3 /* PWActivityProgressBarView.swift */; };
		78626BAC2A1FCAF0003102D3 /* PWActivityStatItemView.swift in Sources */ = {isa = PBXBuildFile; fileRef = 78626BAB2A1FCAF0003102D3 /* PWActivityStatItemView.swift */; };
		78626BAE2A1FCCEE003102D3 /* PWActivityStatsView.swift in Sources */ = {isa = PBXBuildFile; fileRef = 78626BAD2A1FCCEE003102D3 /* PWActivityStatsView.swift */; };
		78626BB02A1FF166003102D3 /* Constants.swift in Sources */ = {isa = PBXBuildFile; fileRef = 78626BAF2A1FF166003102D3 /* Constants.swift */; };
		78626BB42A1FF8C4003102D3 /* PWUserProfileViewController.swift in Sources */ = {isa = PBXBuildFile; fileRef = 78626BB32A1FF8C4003102D3 /* PWUserProfileViewController.swift */; };
		78626BBB2A2082F5003102D3 /* ActivityStats.swift in Sources */ = {isa = PBXBuildFile; fileRef = 78626BBA2A2082F5003102D3 /* ActivityStats.swift */; };
		78626BBE2A20EB84003102D3 /* ActivityManager.swift in Sources */ = {isa = PBXBuildFile; fileRef = 78626BBD2A20EB84003102D3 /* ActivityManager.swift */; };
		78626BC02A20ED43003102D3 /* PWActivityStatsViewViewModel.swift in Sources */ = {isa = PBXBuildFile; fileRef = 78626BBF2A20ED43003102D3 /* PWActivityStatsViewViewModel.swift */; };
		78626BC62A2295A5003102D3 /* PWExercisesViewController.swift in Sources */ = {isa = PBXBuildFile; fileRef = 78626BC52A2295A5003102D3 /* PWExercisesViewController.swift */; };
		78626BC82A229607003102D3 /* TabView+addNewItem.swift in Sources */ = {isa = PBXBuildFile; fileRef = 78626BC72A229607003102D3 /* TabView+addNewItem.swift */; };
		78626BCA2A229A54003102D3 /* PWExcerciesCollectionView.swift in Sources */ = {isa = PBXBuildFile; fileRef = 78626BC92A229A54003102D3 /* PWExcerciesCollectionView.swift */; };
		78626BCC2A229D1F003102D3 /* ExerciseItem.swift in Sources */ = {isa = PBXBuildFile; fileRef = 78626BCB2A229D1F003102D3 /* ExerciseItem.swift */; };
		78626BCE2A229D28003102D3 /* UserProfile.swift in Sources */ = {isa = PBXBuildFile; fileRef = 78626BCD2A229D28003102D3 /* UserProfile.swift */; };
		78626BD02A23712B003102D3 /* NetworkService.swift in Sources */ = {isa = PBXBuildFile; fileRef = 78626BCF2A23712B003102D3 /* NetworkService.swift */; };
		78626BD22A23794A003102D3 /* PWExerciseViewViewModel.swift in Sources */ = {isa = PBXBuildFile; fileRef = 78626BD12A23794A003102D3 /* PWExerciseViewViewModel.swift */; };
		78626BD42A239368003102D3 /* UserProfileManager.swift in Sources */ = {isa = PBXBuildFile; fileRef = 78626BD32A239368003102D3 /* UserProfileManager.swift */; };
		78626BD62A239546003102D3 /* PWUserProfileViewViewModel.swift in Sources */ = {isa = PBXBuildFile; fileRef = 78626BD52A239546003102D3 /* PWUserProfileViewViewModel.swift */; };
		78626BD82A23A3D0003102D3 /* PWUserProfileView.swift in Sources */ = {isa = PBXBuildFile; fileRef = 78626BD72A23A3D0003102D3 /* PWUserProfileView.swift */; };
		78626BDC2A23B149003102D3 /* PWActivityViewViewModel.swift in Sources */ = {isa = PBXBuildFile; fileRef = 78626BDB2A23B149003102D3 /* PWActivityViewViewModel.swift */; };
		787F6B5C2A556F8800C75255 /* PWTrainingViewController.swift in Sources */ = {isa = PBXBuildFile; fileRef = 787F6B5B2A556F8800C75255 /* PWTrainingViewController.swift */; };
		787F6B5E2A5573F000C75255 /* PWTrainingViewCell.swift in Sources */ = {isa = PBXBuildFile; fileRef = 787F6B5D2A5573F000C75255 /* PWTrainingViewCell.swift */; };
		787F6B602A5575F900C75255 /* PWTrainingStackView.swift in Sources */ = {isa = PBXBuildFile; fileRef = 787F6B5F2A5575F900C75255 /* PWTrainingStackView.swift */; };
		787F6B622A55B5B000C75255 /* PWTrainingInfoCardView.swift in Sources */ = {isa = PBXBuildFile; fileRef = 787F6B612A55B5B000C75255 /* PWTrainingInfoCardView.swift */; };
		787F6B642A55D61400C75255 /* Training.swift in Sources */ = {isa = PBXBuildFile; fileRef = 787F6B632A55D61400C75255 /* Training.swift */; };
		787F6B662A55DF5900C75255 /* TrainingManager.swift in Sources */ = {isa = PBXBuildFile; fileRef = 787F6B652A55DF5900C75255 /* TrainingManager.swift */; };
		787F6B682A55E27A00C75255 /* PWTrainingStackViewModel.swift in Sources */ = {isa = PBXBuildFile; fileRef = 787F6B672A55E27A00C75255 /* PWTrainingStackViewModel.swift */; };
		787F6B6A2A55EFB700C75255 /* PWTrainingInfoCardViewModel.swift in Sources */ = {isa = PBXBuildFile; fileRef = 787F6B692A55EFB700C75255 /* PWTrainingInfoCardViewModel.swift */; };
		78A021422A56DC7F0030A533 /* TrainingDay.swift in Sources */ = {isa = PBXBuildFile; fileRef = 78A021412A56DC7F0030A533 /* TrainingDay.swift */; };
		78A021442A56DEB90030A533 /* Exercise.swift in Sources */ = {isa = PBXBuildFile; fileRef = 78A021432A56DEB90030A533 /* Exercise.swift */; };
		78A021462A56DF6B0030A533 /* DateManager.swift in Sources */ = {isa = PBXBuildFile; fileRef = 78A021452A56DF6B0030A533 /* DateManager.swift */; };
		78A1BA832A35B03500B29316 /* PWProgressBarStackView.swift in Sources */ = {isa = PBXBuildFile; fileRef = 78A1BA822A35B03500B29316 /* PWProgressBarStackView.swift */; };
		78A1BA852A35B0E800B29316 /* PWProgressBarStackViewModel.swift in Sources */ = {isa = PBXBuildFile; fileRef = 78A1BA842A35B0E800B29316 /* PWProgressBarStackViewModel.swift */; };
		78CE8B102A51BBE200940328 /* PWActivityDetailViewModel.swift in Sources */ = {isa = PBXBuildFile; fileRef = 78CE8B0F2A51BBE200940328 /* PWActivityDetailViewModel.swift */; };
		78CE8B122A52074F00940328 /* TestData.swift in Sources */ = {isa = PBXBuildFile; fileRef = 78CE8B112A52074F00940328 /* TestData.swift */; };
		78CE8B142A52B8E900940328 /* PWActivityDetailDataSource.swift in Sources */ = {isa = PBXBuildFile; fileRef = 78CE8B132A52B8E900940328 /* PWActivityDetailDataSource.swift */; };
		78E3ACCE2A5AF989003445E7 /* ExerciseManager.swift in Sources */ = {isa = PBXBuildFile; fileRef = 78E3ACCD2A5AF988003445E7 /* ExerciseManager.swift */; };
		78E3ACD02A5D4344003445E7 /* PWProgressBarView.swift in Sources */ = {isa = PBXBuildFile; fileRef = 78E3ACCF2A5D4344003445E7 /* PWProgressBarView.swift */; };
		78E8F46B2A2E49B200FDE24A /* PWPrimaryCollectionViewCell.swift in Sources */ = {isa = PBXBuildFile; fileRef = 78E8F46A2A2E49B200FDE24A /* PWPrimaryCollectionViewCell.swift */; };
		78FA1DB02A261999008FCAF3 /* ProjectWorkrout.xcdatamodeld in Sources */ = {isa = PBXBuildFile; fileRef = 78FA1DAE2A261999008FCAF3 /* ProjectWorkrout.xcdatamodeld */; };
		78FA1DBF2A261AF0008FCAF3 /* User+CoreDataClass.swift in Sources */ = {isa = PBXBuildFile; fileRef = 78FA1DBB2A261AF0008FCAF3 /* User+CoreDataClass.swift */; };
		78FA1DC02A261AF0008FCAF3 /* User+CoreDataProperties.swift in Sources */ = {isa = PBXBuildFile; fileRef = 78FA1DBC2A261AF0008FCAF3 /* User+CoreDataProperties.swift */; };
		78FA1DC22A261C15008FCAF3 /* DataManager.swift in Sources */ = {isa = PBXBuildFile; fileRef = 78FA1DC12A261C15008FCAF3 /* DataManager.swift */; };
		78FA1DC52A275678008FCAF3 /* Activity+CoreDataClass.swift in Sources */ = {isa = PBXBuildFile; fileRef = 78FA1DC32A275678008FCAF3 /* Activity+CoreDataClass.swift */; };
		78FA1DC62A275678008FCAF3 /* Activity+CoreDataProperties.swift in Sources */ = {isa = PBXBuildFile; fileRef = 78FA1DC42A275678008FCAF3 /* Activity+CoreDataProperties.swift */; };
		78FA1DC82A275E83008FCAF3 /* PWActivity.swift in Sources */ = {isa = PBXBuildFile; fileRef = 78FA1DC72A275E83008FCAF3 /* PWActivity.swift */; };
		78FA1DD52A2BE40D008FCAF3 /* PWActivityProgressBarViewModel.swift in Sources */ = {isa = PBXBuildFile; fileRef = 78FA1DD42A2BE40D008FCAF3 /* PWActivityProgressBarViewModel.swift */; };
		78FA1DE52A2CADB3008FCAF3 /* PWMainPageViewModel.swift in Sources */ = {isa = PBXBuildFile; fileRef = 78FA1DE42A2CADB3008FCAF3 /* PWMainPageViewModel.swift */; };
		78FA1DEB2A2CB05F008FCAF3 /* PWActivityProgressBarDataSource.swift in Sources */ = {isa = PBXBuildFile; fileRef = 78FA1DEA2A2CB05F008FCAF3 /* PWActivityProgressBarDataSource.swift */; };
		78FCEFA72A4724DA00C1900C /* PWDetailViewController.swift in Sources */ = {isa = PBXBuildFile; fileRef = 78FCEFA62A4724DA00C1900C /* PWDetailViewController.swift */; };
/* End PBXBuildFile section */

/* Begin PBXFileReference section */
		78626B702A1E7633003102D3 /* ProjectWorkout.app */ = {isa = PBXFileReference; explicitFileType = wrapper.application; includeInIndex = 0; path = ProjectWorkout.app; sourceTree = BUILT_PRODUCTS_DIR; };
		78626B732A1E7633003102D3 /* AppDelegate.swift */ = {isa = PBXFileReference; lastKnownFileType = sourcecode.swift; path = AppDelegate.swift; sourceTree = "<group>"; };
		78626B752A1E7633003102D3 /* SceneDelegate.swift */ = {isa = PBXFileReference; lastKnownFileType = sourcecode.swift; path = SceneDelegate.swift; sourceTree = "<group>"; };
		78626B7C2A1E7634003102D3 /* Assets.xcassets */ = {isa = PBXFileReference; lastKnownFileType = folder.assetcatalog; path = Assets.xcassets; sourceTree = "<group>"; };
		78626B7F2A1E7634003102D3 /* Base */ = {isa = PBXFileReference; lastKnownFileType = file.storyboard; name = Base; path = Base.lproj/LaunchScreen.storyboard; sourceTree = "<group>"; };
		78626B812A1E7634003102D3 /* Info.plist */ = {isa = PBXFileReference; lastKnownFileType = text.plist.xml; path = Info.plist; sourceTree = "<group>"; };
		78626B972A1E9447003102D3 /* UIView+addConstrainedSubViews.swift */ = {isa = PBXFileReference; lastKnownFileType = sourcecode.swift; path = "UIView+addConstrainedSubViews.swift"; sourceTree = "<group>"; };
		78626B992A1E95BC003102D3 /* PWMainPageViewController.swift */ = {isa = PBXFileReference; lastKnownFileType = sourcecode.swift; path = PWMainPageViewController.swift; sourceTree = "<group>"; };
		78626B9B2A1E95E8003102D3 /* PWProgrammaticUIView.swift */ = {isa = PBXFileReference; lastKnownFileType = sourcecode.swift; path = PWProgrammaticUIView.swift; sourceTree = "<group>"; };
		78626B9F2A1E9781003102D3 /* PWPrimaryContainerView.swift */ = {isa = PBXFileReference; lastKnownFileType = sourcecode.swift; path = PWPrimaryContainerView.swift; sourceTree = "<group>"; };
		78626BA52A1F32E9003102D3 /* UIColor+theme.swift */ = {isa = PBXFileReference; lastKnownFileType = sourcecode.swift; path = "UIColor+theme.swift"; sourceTree = "<group>"; };
		78626BA72A1F37FC003102D3 /* PWTabBarController.swift */ = {isa = PBXFileReference; lastKnownFileType = sourcecode.swift; path = PWTabBarController.swift; sourceTree = "<group>"; };
		78626BA92A1FC35C003102D3 /* PWActivityProgressBarView.swift */ = {isa = PBXFileReference; lastKnownFileType = sourcecode.swift; path = PWActivityProgressBarView.swift; sourceTree = "<group>"; };
		78626BAB2A1FCAF0003102D3 /* PWActivityStatItemView.swift */ = {isa = PBXFileReference; lastKnownFileType = sourcecode.swift; path = PWActivityStatItemView.swift; sourceTree = "<group>"; };
		78626BAD2A1FCCEE003102D3 /* PWActivityStatsView.swift */ = {isa = PBXFileReference; lastKnownFileType = sourcecode.swift; path = PWActivityStatsView.swift; sourceTree = "<group>"; };
		78626BAF2A1FF166003102D3 /* Constants.swift */ = {isa = PBXFileReference; lastKnownFileType = sourcecode.swift; path = Constants.swift; sourceTree = "<group>"; };
		78626BB32A1FF8C4003102D3 /* PWUserProfileViewController.swift */ = {isa = PBXFileReference; lastKnownFileType = sourcecode.swift; path = PWUserProfileViewController.swift; sourceTree = "<group>"; };
		78626BBA2A2082F5003102D3 /* ActivityStats.swift */ = {isa = PBXFileReference; lastKnownFileType = sourcecode.swift; path = ActivityStats.swift; sourceTree = "<group>"; };
		78626BBD2A20EB84003102D3 /* ActivityManager.swift */ = {isa = PBXFileReference; lastKnownFileType = sourcecode.swift; path = ActivityManager.swift; sourceTree = "<group>"; };
		78626BBF2A20ED43003102D3 /* PWActivityStatsViewViewModel.swift */ = {isa = PBXFileReference; lastKnownFileType = sourcecode.swift; path = PWActivityStatsViewViewModel.swift; sourceTree = "<group>"; };
		78626BC52A2295A5003102D3 /* PWExercisesViewController.swift */ = {isa = PBXFileReference; lastKnownFileType = sourcecode.swift; path = PWExercisesViewController.swift; sourceTree = "<group>"; };
		78626BC72A229607003102D3 /* TabView+addNewItem.swift */ = {isa = PBXFileReference; lastKnownFileType = sourcecode.swift; path = "TabView+addNewItem.swift"; sourceTree = "<group>"; };
		78626BC92A229A54003102D3 /* PWExcerciesCollectionView.swift */ = {isa = PBXFileReference; lastKnownFileType = sourcecode.swift; path = PWExcerciesCollectionView.swift; sourceTree = "<group>"; };
		78626BCB2A229D1F003102D3 /* ExerciseItem.swift */ = {isa = PBXFileReference; lastKnownFileType = sourcecode.swift; path = ExerciseItem.swift; sourceTree = "<group>"; };
		78626BCD2A229D28003102D3 /* UserProfile.swift */ = {isa = PBXFileReference; lastKnownFileType = sourcecode.swift; path = UserProfile.swift; sourceTree = "<group>"; };
		78626BCF2A23712B003102D3 /* NetworkService.swift */ = {isa = PBXFileReference; lastKnownFileType = sourcecode.swift; path = NetworkService.swift; sourceTree = "<group>"; };
		78626BD12A23794A003102D3 /* PWExerciseViewViewModel.swift */ = {isa = PBXFileReference; lastKnownFileType = sourcecode.swift; path = PWExerciseViewViewModel.swift; sourceTree = "<group>"; };
		78626BD32A239368003102D3 /* UserProfileManager.swift */ = {isa = PBXFileReference; lastKnownFileType = sourcecode.swift; path = UserProfileManager.swift; sourceTree = "<group>"; };
		78626BD52A239546003102D3 /* PWUserProfileViewViewModel.swift */ = {isa = PBXFileReference; lastKnownFileType = sourcecode.swift; path = PWUserProfileViewViewModel.swift; sourceTree = "<group>"; };
		78626BD72A23A3D0003102D3 /* PWUserProfileView.swift */ = {isa = PBXFileReference; lastKnownFileType = sourcecode.swift; path = PWUserProfileView.swift; sourceTree = "<group>"; };
		78626BDB2A23B149003102D3 /* PWActivityViewViewModel.swift */ = {isa = PBXFileReference; lastKnownFileType = sourcecode.swift; path = PWActivityViewViewModel.swift; sourceTree = "<group>"; };
		787F6B5B2A556F8800C75255 /* PWTrainingViewController.swift */ = {isa = PBXFileReference; lastKnownFileType = sourcecode.swift; path = PWTrainingViewController.swift; sourceTree = "<group>"; };
		787F6B5D2A5573F000C75255 /* PWTrainingViewCell.swift */ = {isa = PBXFileReference; lastKnownFileType = sourcecode.swift; path = PWTrainingViewCell.swift; sourceTree = "<group>"; };
		787F6B5F2A5575F900C75255 /* PWTrainingStackView.swift */ = {isa = PBXFileReference; lastKnownFileType = sourcecode.swift; path = PWTrainingStackView.swift; sourceTree = "<group>"; };
		787F6B612A55B5B000C75255 /* PWTrainingInfoCardView.swift */ = {isa = PBXFileReference; lastKnownFileType = sourcecode.swift; path = PWTrainingInfoCardView.swift; sourceTree = "<group>"; };
		787F6B632A55D61400C75255 /* Training.swift */ = {isa = PBXFileReference; lastKnownFileType = sourcecode.swift; path = Training.swift; sourceTree = "<group>"; };
		787F6B652A55DF5900C75255 /* TrainingManager.swift */ = {isa = PBXFileReference; lastKnownFileType = sourcecode.swift; path = TrainingManager.swift; sourceTree = "<group>"; };
		787F6B672A55E27A00C75255 /* PWTrainingStackViewModel.swift */ = {isa = PBXFileReference; lastKnownFileType = sourcecode.swift; path = PWTrainingStackViewModel.swift; sourceTree = "<group>"; };
		787F6B692A55EFB700C75255 /* PWTrainingInfoCardViewModel.swift */ = {isa = PBXFileReference; lastKnownFileType = sourcecode.swift; path = PWTrainingInfoCardViewModel.swift; sourceTree = "<group>"; };
		78A021412A56DC7F0030A533 /* TrainingDay.swift */ = {isa = PBXFileReference; lastKnownFileType = sourcecode.swift; path = TrainingDay.swift; sourceTree = "<group>"; };
		78A021432A56DEB90030A533 /* Exercise.swift */ = {isa = PBXFileReference; lastKnownFileType = sourcecode.swift; path = Exercise.swift; sourceTree = "<group>"; };
		78A021452A56DF6B0030A533 /* DateManager.swift */ = {isa = PBXFileReference; lastKnownFileType = sourcecode.swift; path = DateManager.swift; sourceTree = "<group>"; };
		78A1BA822A35B03500B29316 /* PWProgressBarStackView.swift */ = {isa = PBXFileReference; lastKnownFileType = sourcecode.swift; path = PWProgressBarStackView.swift; sourceTree = "<group>"; };
		78A1BA842A35B0E800B29316 /* PWProgressBarStackViewModel.swift */ = {isa = PBXFileReference; lastKnownFileType = sourcecode.swift; path = PWProgressBarStackViewModel.swift; sourceTree = "<group>"; };
		78CE8B0F2A51BBE200940328 /* PWActivityDetailViewModel.swift */ = {isa = PBXFileReference; lastKnownFileType = sourcecode.swift; path = PWActivityDetailViewModel.swift; sourceTree = "<group>"; };
		78CE8B112A52074F00940328 /* TestData.swift */ = {isa = PBXFileReference; lastKnownFileType = sourcecode.swift; path = TestData.swift; sourceTree = "<group>"; };
		78CE8B132A52B8E900940328 /* PWActivityDetailDataSource.swift */ = {isa = PBXFileReference; lastKnownFileType = sourcecode.swift; path = PWActivityDetailDataSource.swift; sourceTree = "<group>"; };
		78E3ACCD2A5AF988003445E7 /* ExerciseManager.swift */ = {isa = PBXFileReference; lastKnownFileType = sourcecode.swift; path = ExerciseManager.swift; sourceTree = "<group>"; };
		78E3ACCF2A5D4344003445E7 /* PWProgressBarView.swift */ = {isa = PBXFileReference; lastKnownFileType = sourcecode.swift; path = PWProgressBarView.swift; sourceTree = "<group>"; };
		78E8F46A2A2E49B200FDE24A /* PWPrimaryCollectionViewCell.swift */ = {isa = PBXFileReference; lastKnownFileType = sourcecode.swift; path = PWPrimaryCollectionViewCell.swift; sourceTree = "<group>"; };
		78FA1DAF2A261999008FCAF3 /* ProjectWorkrout.xcdatamodel */ = {isa = PBXFileReference; lastKnownFileType = wrapper.xcdatamodel; path = ProjectWorkrout.xcdatamodel; sourceTree = "<group>"; };
		78FA1DBB2A261AF0008FCAF3 /* User+CoreDataClass.swift */ = {isa = PBXFileReference; lastKnownFileType = sourcecode.swift; path = "User+CoreDataClass.swift"; sourceTree = "<group>"; };
		78FA1DBC2A261AF0008FCAF3 /* User+CoreDataProperties.swift */ = {isa = PBXFileReference; lastKnownFileType = sourcecode.swift; path = "User+CoreDataProperties.swift"; sourceTree = "<group>"; };
		78FA1DC12A261C15008FCAF3 /* DataManager.swift */ = {isa = PBXFileReference; lastKnownFileType = sourcecode.swift; path = DataManager.swift; sourceTree = "<group>"; };
		78FA1DC32A275678008FCAF3 /* Activity+CoreDataClass.swift */ = {isa = PBXFileReference; lastKnownFileType = sourcecode.swift; path = "Activity+CoreDataClass.swift"; sourceTree = "<group>"; };
		78FA1DC42A275678008FCAF3 /* Activity+CoreDataProperties.swift */ = {isa = PBXFileReference; lastKnownFileType = sourcecode.swift; path = "Activity+CoreDataProperties.swift"; sourceTree = "<group>"; };
		78FA1DC72A275E83008FCAF3 /* PWActivity.swift */ = {isa = PBXFileReference; lastKnownFileType = sourcecode.swift; path = PWActivity.swift; sourceTree = "<group>"; };
		78FA1DD42A2BE40D008FCAF3 /* PWActivityProgressBarViewModel.swift */ = {isa = PBXFileReference; lastKnownFileType = sourcecode.swift; path = PWActivityProgressBarViewModel.swift; sourceTree = "<group>"; };
		78FA1DE42A2CADB3008FCAF3 /* PWMainPageViewModel.swift */ = {isa = PBXFileReference; lastKnownFileType = sourcecode.swift; path = PWMainPageViewModel.swift; sourceTree = "<group>"; };
		78FA1DEA2A2CB05F008FCAF3 /* PWActivityProgressBarDataSource.swift */ = {isa = PBXFileReference; lastKnownFileType = sourcecode.swift; path = PWActivityProgressBarDataSource.swift; sourceTree = "<group>"; };
		78FCEFA62A4724DA00C1900C /* PWDetailViewController.swift */ = {isa = PBXFileReference; lastKnownFileType = sourcecode.swift; path = PWDetailViewController.swift; sourceTree = "<group>"; };
/* End PBXFileReference section */

/* Begin PBXFrameworksBuildPhase section */
		78626B6D2A1E7633003102D3 /* Frameworks */ = {
			isa = PBXFrameworksBuildPhase;
			buildActionMask = 2147483647;
			files = (
			);
			runOnlyForDeploymentPostprocessing = 0;
		};
/* End PBXFrameworksBuildPhase section */

/* Begin PBXGroup section */
		78626B672A1E7633003102D3 = {
			isa = PBXGroup;
			children = (
				78626B722A1E7633003102D3 /* ProjectWorkout */,
				78626B712A1E7633003102D3 /* Products */,
			);
			sourceTree = "<group>";
		};
		78626B712A1E7633003102D3 /* Products */ = {
			isa = PBXGroup;
			children = (
				78626B702A1E7633003102D3 /* ProjectWorkout.app */,
			);
			name = Products;
			sourceTree = "<group>";
		};
		78626B722A1E7633003102D3 /* ProjectWorkout */ = {
			isa = PBXGroup;
			children = (
				78626B812A1E7634003102D3 /* Info.plist */,
				78626BBC2A20EB7A003102D3 /* Managers */,
				78626B8B2A1E7A14003102D3 /* ViewModels */,
				78626B8E2A1E7A2C003102D3 /* Extensions */,
				78626B8D2A1E7A26003102D3 /* Services */,
				78626B8F2A1E7A35003102D3 /* Models */,
				78626B872A1E79AF003102D3 /* Views */,
				78626B8C2A1E7A20003102D3 /* Resources */,
				78FA1DAE2A261999008FCAF3 /* ProjectWorkrout.xcdatamodeld */,
			);
			path = ProjectWorkout;
			sourceTree = "<group>";
		};
		78626B872A1E79AF003102D3 /* Views */ = {
			isa = PBXGroup;
			children = (
				78626B902A1E7A42003102D3 /* Core */,
				78626BA32A1E9AF6003102D3 /* Other */,
				787F6B612A55B5B000C75255 /* PWTrainingInfoCardView.swift */,
			);
			path = Views;
			sourceTree = "<group>";
		};
		78626B8B2A1E7A14003102D3 /* ViewModels */ = {
			isa = PBXGroup;
			children = (
				78626BBF2A20ED43003102D3 /* PWActivityStatsViewViewModel.swift */,
				78626BD12A23794A003102D3 /* PWExerciseViewViewModel.swift */,
				78626BD52A239546003102D3 /* PWUserProfileViewViewModel.swift */,
				78626BDB2A23B149003102D3 /* PWActivityViewViewModel.swift */,
				78FA1DD42A2BE40D008FCAF3 /* PWActivityProgressBarViewModel.swift */,
				78FA1DE42A2CADB3008FCAF3 /* PWMainPageViewModel.swift */,
				78A1BA842A35B0E800B29316 /* PWProgressBarStackViewModel.swift */,
				78CE8B0F2A51BBE200940328 /* PWActivityDetailViewModel.swift */,
				787F6B672A55E27A00C75255 /* PWTrainingStackViewModel.swift */,
				787F6B692A55EFB700C75255 /* PWTrainingInfoCardViewModel.swift */,
			);
			path = ViewModels;
			sourceTree = "<group>";
		};
		78626B8C2A1E7A20003102D3 /* Resources */ = {
			isa = PBXGroup;
			children = (
				78626B942A1E7B27003102D3 /* Delegates */,
				78626B7C2A1E7634003102D3 /* Assets.xcassets */,
				78626B7E2A1E7634003102D3 /* LaunchScreen.storyboard */,
			);
			path = Resources;
			sourceTree = "<group>";
		};
		78626B8D2A1E7A26003102D3 /* Services */ = {
			isa = PBXGroup;
			children = (
				78626BCF2A23712B003102D3 /* NetworkService.swift */,
			);
			path = Services;
			sourceTree = "<group>";
		};
		78626B8E2A1E7A2C003102D3 /* Extensions */ = {
			isa = PBXGroup;
			children = (
				78FA1DE82A2CB044008FCAF3 /* Protocols */,
				78626B972A1E9447003102D3 /* UIView+addConstrainedSubViews.swift */,
				78626B9B2A1E95E8003102D3 /* PWProgrammaticUIView.swift */,
				78626BA52A1F32E9003102D3 /* UIColor+theme.swift */,
				78626BAF2A1FF166003102D3 /* Constants.swift */,
				78626BC72A229607003102D3 /* TabView+addNewItem.swift */,
				78CE8B112A52074F00940328 /* TestData.swift */,
			);
			path = Extensions;
			sourceTree = "<group>";
		};
		78626B8F2A1E7A35003102D3 /* Models */ = {
			isa = PBXGroup;
			children = (
				78FA1DC92A27C1AE008FCAF3 /* CoreDataModels */,
				78626BBA2A2082F5003102D3 /* ActivityStats.swift */,
				78626BCB2A229D1F003102D3 /* ExerciseItem.swift */,
				78626BCD2A229D28003102D3 /* UserProfile.swift */,
				78FA1DC72A275E83008FCAF3 /* PWActivity.swift */,
				787F6B632A55D61400C75255 /* Training.swift */,
				78A021412A56DC7F0030A533 /* TrainingDay.swift */,
				78A021432A56DEB90030A533 /* Exercise.swift */,
			);
			path = Models;
			sourceTree = "<group>";
		};
		78626B902A1E7A42003102D3 /* Core */ = {
			isa = PBXGroup;
			children = (
				78626BA12A1E98E5003102D3 /* Tabs */,
				78FCEFA62A4724DA00C1900C /* PWDetailViewController.swift */,
				78626BA72A1F37FC003102D3 /* PWTabBarController.swift */,
			);
			path = Core;
			sourceTree = "<group>";
		};
		78626B942A1E7B27003102D3 /* Delegates */ = {
			isa = PBXGroup;
			children = (
				78626B732A1E7633003102D3 /* AppDelegate.swift */,
				78626B752A1E7633003102D3 /* SceneDelegate.swift */,
			);
			path = Delegates;
			sourceTree = "<group>";
		};
		78626B9E2A1E973D003102D3 /* Containers */ = {
			isa = PBXGroup;
			children = (
				78626B9F2A1E9781003102D3 /* PWPrimaryContainerView.swift */,
				78E3ACCF2A5D4344003445E7 /* PWProgressBarView.swift */,
			);
			path = Containers;
			sourceTree = "<group>";
		};
		78626BA12A1E98E5003102D3 /* Tabs */ = {
			isa = PBXGroup;
			children = (
				78626B992A1E95BC003102D3 /* PWMainPageViewController.swift */,
				78626BB32A1FF8C4003102D3 /* PWUserProfileViewController.swift */,
				78626BC52A2295A5003102D3 /* PWExercisesViewController.swift */,
				787F6B5B2A556F8800C75255 /* PWTrainingViewController.swift */,
			);
			path = Tabs;
			sourceTree = "<group>";
		};
		78626BA32A1E9AF6003102D3 /* Other */ = {
			isa = PBXGroup;
			children = (
				78E8F4692A2E499200FDE24A /* Cells */,
				78E8F4682A2E48F900FDE24A /* CollectionView */,
				78626B9E2A1E973D003102D3 /* Containers */,
				78626BD72A23A3D0003102D3 /* PWUserProfileView.swift */,
				78A1BA822A35B03500B29316 /* PWProgressBarStackView.swift */,
				78626BAD2A1FCCEE003102D3 /* PWActivityStatsView.swift */,
				78626BA92A1FC35C003102D3 /* PWActivityProgressBarView.swift */,
				78626BAB2A1FCAF0003102D3 /* PWActivityStatItemView.swift */,
				787F6B5F2A5575F900C75255 /* PWTrainingStackView.swift */,
			);
			path = Other;
			sourceTree = "<group>";
		};
		78626BBC2A20EB7A003102D3 /* Managers */ = {
			isa = PBXGroup;
			children = (
				78626BBD2A20EB84003102D3 /* ActivityManager.swift */,
				78626BD32A239368003102D3 /* UserProfileManager.swift */,
				78FA1DC12A261C15008FCAF3 /* DataManager.swift */,
				787F6B652A55DF5900C75255 /* TrainingManager.swift */,
				78A021452A56DF6B0030A533 /* DateManager.swift */,
				78E3ACCD2A5AF988003445E7 /* ExerciseManager.swift */,
			);
			path = Managers;
			sourceTree = "<group>";
		};
		78E8F4682A2E48F900FDE24A /* CollectionView */ = {
			isa = PBXGroup;
			children = (
				78626BC92A229A54003102D3 /* PWExcerciesCollectionView.swift */,
			);
			path = CollectionView;
			sourceTree = "<group>";
		};
		78E8F4692A2E499200FDE24A /* Cells */ = {
			isa = PBXGroup;
			children = (
				78E8F46A2A2E49B200FDE24A /* PWPrimaryCollectionViewCell.swift */,
				787F6B5D2A5573F000C75255 /* PWTrainingViewCell.swift */,
			);
			path = Cells;
			sourceTree = "<group>";
		};
		78FA1DC92A27C1AE008FCAF3 /* CoreDataModels */ = {
			isa = PBXGroup;
			children = (
				78FA1DC32A275678008FCAF3 /* Activity+CoreDataClass.swift */,
				78FA1DC42A275678008FCAF3 /* Activity+CoreDataProperties.swift */,
				78FA1DBB2A261AF0008FCAF3 /* User+CoreDataClass.swift */,
				78FA1DBC2A261AF0008FCAF3 /* User+CoreDataProperties.swift */,
			);
			path = CoreDataModels;
			sourceTree = "<group>";
		};
		78FA1DE82A2CB044008FCAF3 /* Protocols */ = {
			isa = PBXGroup;
			children = (
				78FA1DE92A2CB048008FCAF3 /* DataSource */,
			);
			path = Protocols;
			sourceTree = "<group>";
		};
		78FA1DE92A2CB048008FCAF3 /* DataSource */ = {
			isa = PBXGroup;
			children = (
				78FA1DEA2A2CB05F008FCAF3 /* PWActivityProgressBarDataSource.swift */,
				78CE8B132A52B8E900940328 /* PWActivityDetailDataSource.swift */,
			);
			path = DataSource;
			sourceTree = "<group>";
		};
/* End PBXGroup section */

/* Begin PBXNativeTarget section */
		78626B6F2A1E7633003102D3 /* ProjectWorkout */ = {
			isa = PBXNativeTarget;
			buildConfigurationList = 78626B842A1E7634003102D3 /* Build configuration list for PBXNativeTarget "ProjectWorkout" */;
			buildPhases = (
				78626B6C2A1E7633003102D3 /* Sources */,
				78626B6D2A1E7633003102D3 /* Frameworks */,
				78626B6E2A1E7633003102D3 /* Resources */,
			);
			buildRules = (
			);
			dependencies = (
			);
			name = ProjectWorkout;
			productName = ProjectWorkout;
			productReference = 78626B702A1E7633003102D3 /* ProjectWorkout.app */;
			productType = "com.apple.product-type.application";
		};
/* End PBXNativeTarget section */

/* Begin PBXProject section */
		78626B682A1E7633003102D3 /* Project object */ = {
			isa = PBXProject;
			attributes = {
				BuildIndependentTargetsInParallel = 1;
				LastSwiftUpdateCheck = 1430;
				LastUpgradeCheck = 1430;
				TargetAttributes = {
					78626B6F2A1E7633003102D3 = {
						CreatedOnToolsVersion = 14.3;
					};
				};
			};
			buildConfigurationList = 78626B6B2A1E7633003102D3 /* Build configuration list for PBXProject "ProjectWorkout" */;
			compatibilityVersion = "Xcode 14.0";
			developmentRegion = en;
			hasScannedForEncodings = 0;
			knownRegions = (
				en,
				Base,
			);
			mainGroup = 78626B672A1E7633003102D3;
			productRefGroup = 78626B712A1E7633003102D3 /* Products */;
			projectDirPath = "";
			projectRoot = "";
			targets = (
				78626B6F2A1E7633003102D3 /* ProjectWorkout */,
			);
		};
/* End PBXProject section */

/* Begin PBXResourcesBuildPhase section */
		78626B6E2A1E7633003102D3 /* Resources */ = {
			isa = PBXResourcesBuildPhase;
			buildActionMask = 2147483647;
			files = (
				78626B802A1E7634003102D3 /* LaunchScreen.storyboard in Resources */,
				78626B7D2A1E7634003102D3 /* Assets.xcassets in Resources */,
			);
			runOnlyForDeploymentPostprocessing = 0;
		};
/* End PBXResourcesBuildPhase section */

/* Begin PBXSourcesBuildPhase section */
		78626B6C2A1E7633003102D3 /* Sources */ = {
			isa = PBXSourcesBuildPhase;
			buildActionMask = 2147483647;
			files = (
				78A1BA852A35B0E800B29316 /* PWProgressBarStackViewModel.swift in Sources */,
				78FA1DEB2A2CB05F008FCAF3 /* PWActivityProgressBarDataSource.swift in Sources */,
				78FCEFA72A4724DA00C1900C /* PWDetailViewController.swift in Sources */,
				78626BA02A1E9781003102D3 /* PWPrimaryContainerView.swift in Sources */,
				78626BD62A239546003102D3 /* PWUserProfileViewViewModel.swift in Sources */,
				787F6B662A55DF5900C75255 /* TrainingManager.swift in Sources */,
				78626BA62A1F32E9003102D3 /* UIColor+theme.swift in Sources */,
				78626BD82A23A3D0003102D3 /* PWUserProfileView.swift in Sources */,
				78626BCA2A229A54003102D3 /* PWExcerciesCollectionView.swift in Sources */,
				78626BBE2A20EB84003102D3 /* ActivityManager.swift in Sources */,
				78626BC82A229607003102D3 /* TabView+addNewItem.swift in Sources */,
				78626BA82A1F37FC003102D3 /* PWTabBarController.swift in Sources */,
				78FA1DE52A2CADB3008FCAF3 /* PWMainPageViewModel.swift in Sources */,
				787F6B6A2A55EFB700C75255 /* PWTrainingInfoCardViewModel.swift in Sources */,
				78CE8B142A52B8E900940328 /* PWActivityDetailDataSource.swift in Sources */,
				78626BAE2A1FCCEE003102D3 /* PWActivityStatsView.swift in Sources */,
				78626BD22A23794A003102D3 /* PWExerciseViewViewModel.swift in Sources */,
				78626BC02A20ED43003102D3 /* PWActivityStatsViewViewModel.swift in Sources */,
				78626BB42A1FF8C4003102D3 /* PWUserProfileViewController.swift in Sources */,
				78FA1DBF2A261AF0008FCAF3 /* User+CoreDataClass.swift in Sources */,
				78626B742A1E7633003102D3 /* AppDelegate.swift in Sources */,
				78A021462A56DF6B0030A533 /* DateManager.swift in Sources */,
				78626BAC2A1FCAF0003102D3 /* PWActivityStatItemView.swift in Sources */,
				78FA1DC52A275678008FCAF3 /* Activity+CoreDataClass.swift in Sources */,
				787F6B5C2A556F8800C75255 /* PWTrainingViewController.swift in Sources */,
				78626B9C2A1E95E8003102D3 /* PWProgrammaticUIView.swift in Sources */,
				78E8F46B2A2E49B200FDE24A /* PWPrimaryCollectionViewCell.swift in Sources */,
				78626BBB2A2082F5003102D3 /* ActivityStats.swift in Sources */,
				78FA1DC02A261AF0008FCAF3 /* User+CoreDataProperties.swift in Sources */,
				78A021422A56DC7F0030A533 /* TrainingDay.swift in Sources */,
				78626BDC2A23B149003102D3 /* PWActivityViewViewModel.swift in Sources */,
				78FA1DD52A2BE40D008FCAF3 /* PWActivityProgressBarViewModel.swift in Sources */,
				787F6B622A55B5B000C75255 /* PWTrainingInfoCardView.swift in Sources */,
				78E3ACD02A5D4344003445E7 /* PWProgressBarView.swift in Sources */,
				78FA1DC82A275E83008FCAF3 /* PWActivity.swift in Sources */,
				78626B982A1E9447003102D3 /* UIView+addConstrainedSubViews.swift in Sources */,
				78A1BA832A35B03500B29316 /* PWProgressBarStackView.swift in Sources */,
				78626BCC2A229D1F003102D3 /* ExerciseItem.swift in Sources */,
				787F6B682A55E27A00C75255 /* PWTrainingStackViewModel.swift in Sources */,
				78626BC62A2295A5003102D3 /* PWExercisesViewController.swift in Sources */,
				78626BAA2A1FC35C003102D3 /* PWActivityProgressBarView.swift in Sources */,
				78CE8B122A52074F00940328 /* TestData.swift in Sources */,
				78CE8B102A51BBE200940328 /* PWActivityDetailViewModel.swift in Sources */,
				78FA1DC62A275678008FCAF3 /* Activity+CoreDataProperties.swift in Sources */,
				78E3ACCE2A5AF989003445E7 /* ExerciseManager.swift in Sources */,
				78626B9A2A1E95BC003102D3 /* PWMainPageViewController.swift in Sources */,
				787F6B5E2A5573F000C75255 /* PWTrainingViewCell.swift in Sources */,
				78626BCE2A229D28003102D3 /* UserProfile.swift in Sources */,
				78FA1DB02A261999008FCAF3 /* ProjectWorkrout.xcdatamodeld in Sources */,
				78626B762A1E7633003102D3 /* SceneDelegate.swift in Sources */,
				78FA1DC22A261C15008FCAF3 /* DataManager.swift in Sources */,
				78626BD02A23712B003102D3 /* NetworkService.swift in Sources */,
				78A021442A56DEB90030A533 /* Exercise.swift in Sources */,
				787F6B602A5575F900C75255 /* PWTrainingStackView.swift in Sources */,
				78626BD42A239368003102D3 /* UserProfileManager.swift in Sources */,
				78626BB02A1FF166003102D3 /* Constants.swift in Sources */,
				787F6B642A55D61400C75255 /* Training.swift in Sources */,
			);
			runOnlyForDeploymentPostprocessing = 0;
		};
/* End PBXSourcesBuildPhase section */

/* Begin PBXVariantGroup section */
		78626B7E2A1E7634003102D3 /* LaunchScreen.storyboard */ = {
			isa = PBXVariantGroup;
			children = (
				78626B7F2A1E7634003102D3 /* Base */,
			);
			name = LaunchScreen.storyboard;
			sourceTree = "<group>";
		};
/* End PBXVariantGroup section */

/* Begin XCBuildConfiguration section */
		78626B822A1E7634003102D3 /* Debug */ = {
			isa = XCBuildConfiguration;
			buildSettings = {
				ALWAYS_SEARCH_USER_PATHS = NO;
				CLANG_ANALYZER_NONNULL = YES;
				CLANG_ANALYZER_NUMBER_OBJECT_CONVERSION = YES_AGGRESSIVE;
				CLANG_CXX_LANGUAGE_STANDARD = "gnu++20";
				CLANG_ENABLE_MODULES = YES;
				CLANG_ENABLE_OBJC_ARC = YES;
				CLANG_ENABLE_OBJC_WEAK = YES;
				CLANG_WARN_BLOCK_CAPTURE_AUTORELEASING = YES;
				CLANG_WARN_BOOL_CONVERSION = YES;
				CLANG_WARN_COMMA = YES;
				CLANG_WARN_CONSTANT_CONVERSION = YES;
				CLANG_WARN_DEPRECATED_OBJC_IMPLEMENTATIONS = YES;
				CLANG_WARN_DIRECT_OBJC_ISA_USAGE = YES_ERROR;
				CLANG_WARN_DOCUMENTATION_COMMENTS = YES;
				CLANG_WARN_EMPTY_BODY = YES;
				CLANG_WARN_ENUM_CONVERSION = YES;
				CLANG_WARN_INFINITE_RECURSION = YES;
				CLANG_WARN_INT_CONVERSION = YES;
				CLANG_WARN_NON_LITERAL_NULL_CONVERSION = YES;
				CLANG_WARN_OBJC_IMPLICIT_RETAIN_SELF = YES;
				CLANG_WARN_OBJC_LITERAL_CONVERSION = YES;
				CLANG_WARN_OBJC_ROOT_CLASS = YES_ERROR;
				CLANG_WARN_QUOTED_INCLUDE_IN_FRAMEWORK_HEADER = YES;
				CLANG_WARN_RANGE_LOOP_ANALYSIS = YES;
				CLANG_WARN_STRICT_PROTOTYPES = YES;
				CLANG_WARN_SUSPICIOUS_MOVE = YES;
				CLANG_WARN_UNGUARDED_AVAILABILITY = YES_AGGRESSIVE;
				CLANG_WARN_UNREACHABLE_CODE = YES;
				CLANG_WARN__DUPLICATE_METHOD_MATCH = YES;
				COPY_PHASE_STRIP = NO;
				DEBUG_INFORMATION_FORMAT = dwarf;
				ENABLE_STRICT_OBJC_MSGSEND = YES;
				ENABLE_TESTABILITY = YES;
				GCC_C_LANGUAGE_STANDARD = gnu11;
				GCC_DYNAMIC_NO_PIC = NO;
				GCC_NO_COMMON_BLOCKS = YES;
				GCC_OPTIMIZATION_LEVEL = 0;
				GCC_PREPROCESSOR_DEFINITIONS = (
					"DEBUG=1",
					"$(inherited)",
				);
				GCC_WARN_64_TO_32_BIT_CONVERSION = YES;
				GCC_WARN_ABOUT_RETURN_TYPE = YES_ERROR;
				GCC_WARN_UNDECLARED_SELECTOR = YES;
				GCC_WARN_UNINITIALIZED_AUTOS = YES_AGGRESSIVE;
				GCC_WARN_UNUSED_FUNCTION = YES;
				GCC_WARN_UNUSED_VARIABLE = YES;
				IPHONEOS_DEPLOYMENT_TARGET = 16.4;
				MTL_ENABLE_DEBUG_INFO = INCLUDE_SOURCE;
				MTL_FAST_MATH = YES;
				ONLY_ACTIVE_ARCH = YES;
				SDKROOT = iphoneos;
				SWIFT_ACTIVE_COMPILATION_CONDITIONS = DEBUG;
				SWIFT_OPTIMIZATION_LEVEL = "-Onone";
			};
			name = Debug;
		};
		78626B832A1E7634003102D3 /* Release */ = {
			isa = XCBuildConfiguration;
			buildSettings = {
				ALWAYS_SEARCH_USER_PATHS = NO;
				CLANG_ANALYZER_NONNULL = YES;
				CLANG_ANALYZER_NUMBER_OBJECT_CONVERSION = YES_AGGRESSIVE;
				CLANG_CXX_LANGUAGE_STANDARD = "gnu++20";
				CLANG_ENABLE_MODULES = YES;
				CLANG_ENABLE_OBJC_ARC = YES;
				CLANG_ENABLE_OBJC_WEAK = YES;
				CLANG_WARN_BLOCK_CAPTURE_AUTORELEASING = YES;
				CLANG_WARN_BOOL_CONVERSION = YES;
				CLANG_WARN_COMMA = YES;
				CLANG_WARN_CONSTANT_CONVERSION = YES;
				CLANG_WARN_DEPRECATED_OBJC_IMPLEMENTATIONS = YES;
				CLANG_WARN_DIRECT_OBJC_ISA_USAGE = YES_ERROR;
				CLANG_WARN_DOCUMENTATION_COMMENTS = YES;
				CLANG_WARN_EMPTY_BODY = YES;
				CLANG_WARN_ENUM_CONVERSION = YES;
				CLANG_WARN_INFINITE_RECURSION = YES;
				CLANG_WARN_INT_CONVERSION = YES;
				CLANG_WARN_NON_LITERAL_NULL_CONVERSION = YES;
				CLANG_WARN_OBJC_IMPLICIT_RETAIN_SELF = YES;
				CLANG_WARN_OBJC_LITERAL_CONVERSION = YES;
				CLANG_WARN_OBJC_ROOT_CLASS = YES_ERROR;
				CLANG_WARN_QUOTED_INCLUDE_IN_FRAMEWORK_HEADER = YES;
				CLANG_WARN_RANGE_LOOP_ANALYSIS = YES;
				CLANG_WARN_STRICT_PROTOTYPES = YES;
				CLANG_WARN_SUSPICIOUS_MOVE = YES;
				CLANG_WARN_UNGUARDED_AVAILABILITY = YES_AGGRESSIVE;
				CLANG_WARN_UNREACHABLE_CODE = YES;
				CLANG_WARN__DUPLICATE_METHOD_MATCH = YES;
				COPY_PHASE_STRIP = NO;
				DEBUG_INFORMATION_FORMAT = "dwarf-with-dsym";
				ENABLE_NS_ASSERTIONS = NO;
				ENABLE_STRICT_OBJC_MSGSEND = YES;
				GCC_C_LANGUAGE_STANDARD = gnu11;
				GCC_NO_COMMON_BLOCKS = YES;
				GCC_WARN_64_TO_32_BIT_CONVERSION = YES;
				GCC_WARN_ABOUT_RETURN_TYPE = YES_ERROR;
				GCC_WARN_UNDECLARED_SELECTOR = YES;
				GCC_WARN_UNINITIALIZED_AUTOS = YES_AGGRESSIVE;
				GCC_WARN_UNUSED_FUNCTION = YES;
				GCC_WARN_UNUSED_VARIABLE = YES;
				IPHONEOS_DEPLOYMENT_TARGET = 16.4;
				MTL_ENABLE_DEBUG_INFO = NO;
				MTL_FAST_MATH = YES;
				SDKROOT = iphoneos;
				SWIFT_COMPILATION_MODE = wholemodule;
				SWIFT_OPTIMIZATION_LEVEL = "-O";
				VALIDATE_PRODUCT = YES;
			};
			name = Release;
		};
		78626B852A1E7634003102D3 /* Debug */ = {
			isa = XCBuildConfiguration;
			buildSettings = {
				ASSETCATALOG_COMPILER_APPICON_NAME = AppIcon;
				ASSETCATALOG_COMPILER_GLOBAL_ACCENT_COLOR_NAME = AccentColor;
				CODE_SIGN_STYLE = Automatic;
				CURRENT_PROJECT_VERSION = 1;
				DEVELOPMENT_TEAM = JNZT32R8TA;
				GENERATE_INFOPLIST_FILE = YES;
				INFOPLIST_FILE = ProjectWorkout/Info.plist;
				INFOPLIST_KEY_UIApplicationSupportsIndirectInputEvents = YES;
				INFOPLIST_KEY_UILaunchStoryboardName = LaunchScreen;
				INFOPLIST_KEY_UISupportedInterfaceOrientations_iPad = "UIInterfaceOrientationPortrait UIInterfaceOrientationPortraitUpsideDown UIInterfaceOrientationLandscapeLeft UIInterfaceOrientationLandscapeRight";
				INFOPLIST_KEY_UISupportedInterfaceOrientations_iPhone = "UIInterfaceOrientationPortrait UIInterfaceOrientationLandscapeLeft UIInterfaceOrientationLandscapeRight";
				LD_RUNPATH_SEARCH_PATHS = (
					"$(inherited)",
					"@executable_path/Frameworks",
				);
				MARKETING_VERSION = 1.0;
				PRODUCT_BUNDLE_IDENTIFIER = com.premyslmikulenka.ProjectWorkout;
				PRODUCT_NAME = "$(TARGET_NAME)";
				SWIFT_EMIT_LOC_STRINGS = YES;
				SWIFT_VERSION = 5.0;
				TARGETED_DEVICE_FAMILY = "1,2";
			};
			name = Debug;
		};
		78626B862A1E7634003102D3 /* Release */ = {
			isa = XCBuildConfiguration;
			buildSettings = {
				ASSETCATALOG_COMPILER_APPICON_NAME = AppIcon;
				ASSETCATALOG_COMPILER_GLOBAL_ACCENT_COLOR_NAME = AccentColor;
				CODE_SIGN_STYLE = Automatic;
				CURRENT_PROJECT_VERSION = 1;
				DEVELOPMENT_TEAM = JNZT32R8TA;
				GENERATE_INFOPLIST_FILE = YES;
				INFOPLIST_FILE = ProjectWorkout/Info.plist;
				INFOPLIST_KEY_UIApplicationSupportsIndirectInputEvents = YES;
				INFOPLIST_KEY_UILaunchStoryboardName = LaunchScreen;
				INFOPLIST_KEY_UISupportedInterfaceOrientations_iPad = "UIInterfaceOrientationPortrait UIInterfaceOrientationPortraitUpsideDown UIInterfaceOrientationLandscapeLeft UIInterfaceOrientationLandscapeRight";
				INFOPLIST_KEY_UISupportedInterfaceOrientations_iPhone = "UIInterfaceOrientationPortrait UIInterfaceOrientationLandscapeLeft UIInterfaceOrientationLandscapeRight";
				LD_RUNPATH_SEARCH_PATHS = (
					"$(inherited)",
					"@executable_path/Frameworks",
				);
				MARKETING_VERSION = 1.0;
				PRODUCT_BUNDLE_IDENTIFIER = com.premyslmikulenka.ProjectWorkout;
				PRODUCT_NAME = "$(TARGET_NAME)";
				SWIFT_EMIT_LOC_STRINGS = YES;
				SWIFT_VERSION = 5.0;
				TARGETED_DEVICE_FAMILY = "1,2";
			};
			name = Release;
		};
/* End XCBuildConfiguration section */

/* Begin XCConfigurationList section */
		78626B6B2A1E7633003102D3 /* Build configuration list for PBXProject "ProjectWorkout" */ = {
			isa = XCConfigurationList;
			buildConfigurations = (
				78626B822A1E7634003102D3 /* Debug */,
				78626B832A1E7634003102D3 /* Release */,
			);
			defaultConfigurationIsVisible = 0;
			defaultConfigurationName = Release;
		};
		78626B842A1E7634003102D3 /* Build configuration list for PBXNativeTarget "ProjectWorkout" */ = {
			isa = XCConfigurationList;
			buildConfigurations = (
				78626B852A1E7634003102D3 /* Debug */,
				78626B862A1E7634003102D3 /* Release */,
			);
			defaultConfigurationIsVisible = 0;
			defaultConfigurationName = Release;
		};
/* End XCConfigurationList section */

/* Begin XCVersionGroup section */
		78FA1DAE2A261999008FCAF3 /* ProjectWorkrout.xcdatamodeld */ = {
			isa = XCVersionGroup;
			children = (
				78FA1DAF2A261999008FCAF3 /* ProjectWorkrout.xcdatamodel */,
			);
			currentVersion = 78FA1DAF2A261999008FCAF3 /* ProjectWorkrout.xcdatamodel */;
			path = ProjectWorkrout.xcdatamodeld;
			sourceTree = "<group>";
			versionGroupType = wrapper.xcdatamodel;
		};
/* End XCVersionGroup section */
	};
	rootObject = 78626B682A1E7633003102D3 /* Project object */;
}
