// !$*UTF8*$!
{
	archiveVersion = 1;
	classes = {
	};
	objectVersion = 56;
	objects = {

/* Begin PBXBuildFile section */
		78626B742A1E7633003102D3 /* AppDelegate.swift in Sources */ = {isa = PBXBuildFile; fileRef = 78626B732A1E7633003102D3 /* AppDelegate.swift */; };
		78626B762A1E7633003102D3 /* SceneDelegate.swift in Sources */ = {isa = PBXBuildFile; fileRef = 78626B752A1E7633003102D3 /* SceneDelegate.swift */; };
		78626B7D2A1E7634003102D3 /* Assets.xcassets in Resources */ = {isa = PBXBuildFile; fileRef = 78626B7C2A1E7634003102D3 /* Assets.xcassets */; };
		78626B802A1E7634003102D3 /* LaunchScreen.storyboard in Resources */ = {isa = PBXBuildFile; fileRef = 78626B7E2A1E7634003102D3 /* LaunchScreen.storyboard */; };
		78626B982A1E9447003102D3 /* UIView+addConstrainedSubViews.swift in Sources */ = {isa = PBXBuildFile; fileRef = 78626B972A1E9447003102D3 /* UIView+addConstrainedSubViews.swift */; };
		78626B9A2A1E95BC003102D3 /* PWMainPageViewController.swift in Sources */ = {isa = PBXBuildFile; fileRef = 78626B992A1E95BC003102D3 /* PWMainPageViewController.swift */; };
		78626B9C2A1E95E8003102D3 /* PWProgrammaticUIView.swift in Sources */ = {isa = PBXBuildFile; fileRef = 78626B9B2A1E95E8003102D3 /* PWProgrammaticUIView.swift */; };
		78626BA02A1E9781003102D3 /* PWPrimaryContainerView.swift in Sources */ = {isa = PBXBuildFile; fileRef = 78626B9F2A1E9781003102D3 /* PWPrimaryContainerView.swift */; };
		78626BA62A1F32E9003102D3 /* UIColor+theme.swift in Sources */ = {isa = PBXBuildFile; fileRef = 78626BA52A1F32E9003102D3 /* UIColor+theme.swift */; };
		78626BA82A1F37FC003102D3 /* PWTabBarController.swift in Sources */ = {isa = PBXBuildFile; fileRef = 78626BA72A1F37FC003102D3 /* PWTabBarController.swift */; };
/* End PBXBuildFile section */

/* Begin PBXFileReference section */
		78626B702A1E7633003102D3 /* ProjectWorkout.app */ = {isa = PBXFileReference; explicitFileType = wrapper.application; includeInIndex = 0; path = ProjectWorkout.app; sourceTree = BUILT_PRODUCTS_DIR; };
		78626B732A1E7633003102D3 /* AppDelegate.swift */ = {isa = PBXFileReference; lastKnownFileType = sourcecode.swift; path = AppDelegate.swift; sourceTree = "<group>"; };
		78626B752A1E7633003102D3 /* SceneDelegate.swift */ = {isa = PBXFileReference; lastKnownFileType = sourcecode.swift; path = SceneDelegate.swift; sourceTree = "<group>"; };
		78626B7C2A1E7634003102D3 /* Assets.xcassets */ = {isa = PBXFileReference; lastKnownFileType = folder.assetcatalog; path = Assets.xcassets; sourceTree = "<group>"; };
		78626B7F2A1E7634003102D3 /* Base */ = {isa = PBXFileReference; lastKnownFileType = file.storyboard; name = Base; path = Base.lproj/LaunchScreen.storyboard; sourceTree = "<group>"; };
		78626B812A1E7634003102D3 /* Info.plist */ = {isa = PBXFileReference; lastKnownFileType = text.plist.xml; path = Info.plist; sourceTree = "<group>"; };
		78626B972A1E9447003102D3 /* UIView+addConstrainedSubViews.swift */ = {isa = PBXFileReference; lastKnownFileType = sourcecode.swift; path = "UIView+addConstrainedSubViews.swift"; sourceTree = "<group>"; };
		78626B992A1E95BC003102D3 /* PWMainPageViewController.swift */ = {isa = PBXFileReference; lastKnownFileType = sourcecode.swift; path = PWMainPageViewController.swift; sourceTree = "<group>"; };
		78626B9B2A1E95E8003102D3 /* PWProgrammaticUIView.swift */ = {isa = PBXFileReference; lastKnownFileType = sourcecode.swift; path = PWProgrammaticUIView.swift; sourceTree = "<group>"; };
		78626B9F2A1E9781003102D3 /* PWPrimaryContainerView.swift */ = {isa = PBXFileReference; lastKnownFileType = sourcecode.swift; path = PWPrimaryContainerView.swift; sourceTree = "<group>"; };
		78626BA52A1F32E9003102D3 /* UIColor+theme.swift */ = {isa = PBXFileReference; lastKnownFileType = sourcecode.swift; path = "UIColor+theme.swift"; sourceTree = "<group>"; };
		78626BA72A1F37FC003102D3 /* PWTabBarController.swift */ = {isa = PBXFileReference; lastKnownFileType = sourcecode.swift; path = PWTabBarController.swift; sourceTree = "<group>"; };
/* End PBXFileReference section */

/* Begin PBXFrameworksBuildPhase section */
		78626B6D2A1E7633003102D3 /* Frameworks */ = {
			isa = PBXFrameworksBuildPhase;
			buildActionMask = 2147483647;
			files = (
			);
			runOnlyForDeploymentPostprocessing = 0;
		};
/* End PBXFrameworksBuildPhase section */

/* Begin PBXGroup section */
		78626B672A1E7633003102D3 = {
			isa = PBXGroup;
			children = (
				78626B722A1E7633003102D3 /* ProjectWorkout */,
				78626B712A1E7633003102D3 /* Products */,
			);
			sourceTree = "<group>";
		};
		78626B712A1E7633003102D3 /* Products */ = {
			isa = PBXGroup;
			children = (
				78626B702A1E7633003102D3 /* ProjectWorkout.app */,
			);
			name = Products;
			sourceTree = "<group>";
		};
		78626B722A1E7633003102D3 /* ProjectWorkout */ = {
			isa = PBXGroup;
			children = (
				78626B812A1E7634003102D3 /* Info.plist */,
				78626B8E2A1E7A2C003102D3 /* Helpers */,
				78626B8D2A1E7A26003102D3 /* Services */,
				78626B8F2A1E7A35003102D3 /* Models */,
				78626B8B2A1E7A14003102D3 /* ViewModels */,
				78626B892A1E7A08003102D3 /* ViewControllers */,
				78626B872A1E79AF003102D3 /* Views */,
				78626B8C2A1E7A20003102D3 /* Resources */,
			);
			path = ProjectWorkout;
			sourceTree = "<group>";
		};
		78626B872A1E79AF003102D3 /* Views */ = {
			isa = PBXGroup;
			children = (
				78626B9D2A1E9730003102D3 /* Components */,
			);
			path = Views;
			sourceTree = "<group>";
		};
		78626B892A1E7A08003102D3 /* ViewControllers */ = {
			isa = PBXGroup;
			children = (
				78626B912A1E7A47003102D3 /* Other */,
				78626B902A1E7A42003102D3 /* Core */,
			);
			path = ViewControllers;
			sourceTree = "<group>";
		};
		78626B8B2A1E7A14003102D3 /* ViewModels */ = {
			isa = PBXGroup;
			children = (
			);
			path = ViewModels;
			sourceTree = "<group>";
		};
		78626B8C2A1E7A20003102D3 /* Resources */ = {
			isa = PBXGroup;
			children = (
				78626B942A1E7B27003102D3 /* Delegates */,
				78626B7C2A1E7634003102D3 /* Assets.xcassets */,
				78626B7E2A1E7634003102D3 /* LaunchScreen.storyboard */,
			);
			path = Resources;
			sourceTree = "<group>";
		};
		78626B8D2A1E7A26003102D3 /* Services */ = {
			isa = PBXGroup;
			children = (
			);
			path = Services;
			sourceTree = "<group>";
		};
		78626B8E2A1E7A2C003102D3 /* Helpers */ = {
			isa = PBXGroup;
			children = (
				78626B972A1E9447003102D3 /* UIView+addConstrainedSubViews.swift */,
				78626B9B2A1E95E8003102D3 /* PWProgrammaticUIView.swift */,
				78626BA52A1F32E9003102D3 /* UIColor+theme.swift */,
			);
			path = Helpers;
			sourceTree = "<group>";
		};
		78626B8F2A1E7A35003102D3 /* Models */ = {
			isa = PBXGroup;
			children = (
			);
			path = Models;
			sourceTree = "<group>";
		};
		78626B902A1E7A42003102D3 /* Core */ = {
			isa = PBXGroup;
			children = (
				78626BA12A1E98E5003102D3 /* Tabs */,
				78626BA72A1F37FC003102D3 /* PWTabBarController.swift */,
			);
			path = Core;
			sourceTree = "<group>";
		};
		78626B912A1E7A47003102D3 /* Other */ = {
			isa = PBXGroup;
			children = (
			);
			path = Other;
			sourceTree = "<group>";
		};
		78626B942A1E7B27003102D3 /* Delegates */ = {
			isa = PBXGroup;
			children = (
				78626B732A1E7633003102D3 /* AppDelegate.swift */,
				78626B752A1E7633003102D3 /* SceneDelegate.swift */,
			);
			path = Delegates;
			sourceTree = "<group>";
		};
		78626B9D2A1E9730003102D3 /* Components */ = {
			isa = PBXGroup;
			children = (
				78626BA32A1E9AF6003102D3 /* Other */,
				78626BA22A1E9AED003102D3 /* Pages */,
			);
			path = Components;
			sourceTree = "<group>";
		};
		78626B9E2A1E973D003102D3 /* Containers */ = {
			isa = PBXGroup;
			children = (
				78626B9F2A1E9781003102D3 /* PWPrimaryContainerView.swift */,
			);
			path = Containers;
			sourceTree = "<group>";
		};
		78626BA12A1E98E5003102D3 /* Tabs */ = {
			isa = PBXGroup;
			children = (
				78626B992A1E95BC003102D3 /* PWMainPageViewController.swift */,
			);
			path = Tabs;
			sourceTree = "<group>";
		};
		78626BA22A1E9AED003102D3 /* Pages */ = {
			isa = PBXGroup;
			children = (
			);
			path = Pages;
			sourceTree = "<group>";
		};
		78626BA32A1E9AF6003102D3 /* Other */ = {
			isa = PBXGroup;
			children = (
				78626B9E2A1E973D003102D3 /* Containers */,
			);
			path = Other;
			sourceTree = "<group>";
		};
/* End PBXGroup section */

/* Begin PBXNativeTarget section */
		78626B6F2A1E7633003102D3 /* ProjectWorkout */ = {
			isa = PBXNativeTarget;
			buildConfigurationList = 78626B842A1E7634003102D3 /* Build configuration list for PBXNativeTarget "ProjectWorkout" */;
			buildPhases = (
				78626B6C2A1E7633003102D3 /* Sources */,
				78626B6D2A1E7633003102D3 /* Frameworks */,
				78626B6E2A1E7633003102D3 /* Resources */,
			);
			buildRules = (
			);
			dependencies = (
			);
			name = ProjectWorkout;
			productName = ProjectWorkout;
			productReference = 78626B702A1E7633003102D3 /* ProjectWorkout.app */;
			productType = "com.apple.product-type.application";
		};
/* End PBXNativeTarget section */

/* Begin PBXProject section */
		78626B682A1E7633003102D3 /* Project object */ = {
			isa = PBXProject;
			attributes = {
				BuildIndependentTargetsInParallel = 1;
				LastSwiftUpdateCheck = 1430;
				LastUpgradeCheck = 1430;
				TargetAttributes = {
					78626B6F2A1E7633003102D3 = {
						CreatedOnToolsVersion = 14.3;
					};
				};
			};
			buildConfigurationList = 78626B6B2A1E7633003102D3 /* Build configuration list for PBXProject "ProjectWorkout" */;
			compatibilityVersion = "Xcode 14.0";
			developmentRegion = en;
			hasScannedForEncodings = 0;
			knownRegions = (
				en,
				Base,
			);
			mainGroup = 78626B672A1E7633003102D3;
			productRefGroup = 78626B712A1E7633003102D3 /* Products */;
			projectDirPath = "";
			projectRoot = "";
			targets = (
				78626B6F2A1E7633003102D3 /* ProjectWorkout */,
			);
		};
/* End PBXProject section */

/* Begin PBXResourcesBuildPhase section */
		78626B6E2A1E7633003102D3 /* Resources */ = {
			isa = PBXResourcesBuildPhase;
			buildActionMask = 2147483647;
			files = (
				78626B802A1E7634003102D3 /* LaunchScreen.storyboard in Resources */,
				78626B7D2A1E7634003102D3 /* Assets.xcassets in Resources */,
			);
			runOnlyForDeploymentPostprocessing = 0;
		};
/* End PBXResourcesBuildPhase section */

/* Begin PBXSourcesBuildPhase section */
		78626B6C2A1E7633003102D3 /* Sources */ = {
			isa = PBXSourcesBuildPhase;
			buildActionMask = 2147483647;
			files = (
				78626BA02A1E9781003102D3 /* PWPrimaryContainerView.swift in Sources */,
				78626BA62A1F32E9003102D3 /* UIColor+theme.swift in Sources */,
				78626BA82A1F37FC003102D3 /* PWTabBarController.swift in Sources */,
				78626B742A1E7633003102D3 /* AppDelegate.swift in Sources */,
				78626B9C2A1E95E8003102D3 /* PWProgrammaticUIView.swift in Sources */,
				78626B982A1E9447003102D3 /* UIView+addConstrainedSubViews.swift in Sources */,
				78626B9A2A1E95BC003102D3 /* PWMainPageViewController.swift in Sources */,
				78626B762A1E7633003102D3 /* SceneDelegate.swift in Sources */,
			);
			runOnlyForDeploymentPostprocessing = 0;
		};
/* End PBXSourcesBuildPhase section */

/* Begin PBXVariantGroup section */
		78626B7E2A1E7634003102D3 /* LaunchScreen.storyboard */ = {
			isa = PBXVariantGroup;
			children = (
				78626B7F2A1E7634003102D3 /* Base */,
			);
			name = LaunchScreen.storyboard;
			sourceTree = "<group>";
		};
/* End PBXVariantGroup section */

/* Begin XCBuildConfiguration section */
		78626B822A1E7634003102D3 /* Debug */ = {
			isa = XCBuildConfiguration;
			buildSettings = {
				ALWAYS_SEARCH_USER_PATHS = NO;
				CLANG_ANALYZER_NONNULL = YES;
				CLANG_ANALYZER_NUMBER_OBJECT_CONVERSION = YES_AGGRESSIVE;
				CLANG_CXX_LANGUAGE_STANDARD = "gnu++20";
				CLANG_ENABLE_MODULES = YES;
				CLANG_ENABLE_OBJC_ARC = YES;
				CLANG_ENABLE_OBJC_WEAK = YES;
				CLANG_WARN_BLOCK_CAPTURE_AUTORELEASING = YES;
				CLANG_WARN_BOOL_CONVERSION = YES;
				CLANG_WARN_COMMA = YES;
				CLANG_WARN_CONSTANT_CONVERSION = YES;
				CLANG_WARN_DEPRECATED_OBJC_IMPLEMENTATIONS = YES;
				CLANG_WARN_DIRECT_OBJC_ISA_USAGE = YES_ERROR;
				CLANG_WARN_DOCUMENTATION_COMMENTS = YES;
				CLANG_WARN_EMPTY_BODY = YES;
				CLANG_WARN_ENUM_CONVERSION = YES;
				CLANG_WARN_INFINITE_RECURSION = YES;
				CLANG_WARN_INT_CONVERSION = YES;
				CLANG_WARN_NON_LITERAL_NULL_CONVERSION = YES;
				CLANG_WARN_OBJC_IMPLICIT_RETAIN_SELF = YES;
				CLANG_WARN_OBJC_LITERAL_CONVERSION = YES;
				CLANG_WARN_OBJC_ROOT_CLASS = YES_ERROR;
				CLANG_WARN_QUOTED_INCLUDE_IN_FRAMEWORK_HEADER = YES;
				CLANG_WARN_RANGE_LOOP_ANALYSIS = YES;
				CLANG_WARN_STRICT_PROTOTYPES = YES;
				CLANG_WARN_SUSPICIOUS_MOVE = YES;
				CLANG_WARN_UNGUARDED_AVAILABILITY = YES_AGGRESSIVE;
				CLANG_WARN_UNREACHABLE_CODE = YES;
				CLANG_WARN__DUPLICATE_METHOD_MATCH = YES;
				COPY_PHASE_STRIP = NO;
				DEBUG_INFORMATION_FORMAT = dwarf;
				ENABLE_STRICT_OBJC_MSGSEND = YES;
				ENABLE_TESTABILITY = YES;
				GCC_C_LANGUAGE_STANDARD = gnu11;
				GCC_DYNAMIC_NO_PIC = NO;
				GCC_NO_COMMON_BLOCKS = YES;
				GCC_OPTIMIZATION_LEVEL = 0;
				GCC_PREPROCESSOR_DEFINITIONS = (
					"DEBUG=1",
					"$(inherited)",
				);
				GCC_WARN_64_TO_32_BIT_CONVERSION = YES;
				GCC_WARN_ABOUT_RETURN_TYPE = YES_ERROR;
				GCC_WARN_UNDECLARED_SELECTOR = YES;
				GCC_WARN_UNINITIALIZED_AUTOS = YES_AGGRESSIVE;
				GCC_WARN_UNUSED_FUNCTION = YES;
				GCC_WARN_UNUSED_VARIABLE = YES;
				IPHONEOS_DEPLOYMENT_TARGET = 16.4;
				MTL_ENABLE_DEBUG_INFO = INCLUDE_SOURCE;
				MTL_FAST_MATH = YES;
				ONLY_ACTIVE_ARCH = YES;
				SDKROOT = iphoneos;
				SWIFT_ACTIVE_COMPILATION_CONDITIONS = DEBUG;
				SWIFT_OPTIMIZATION_LEVEL = "-Onone";
			};
			name = Debug;
		};
		78626B832A1E7634003102D3 /* Release */ = {
			isa = XCBuildConfiguration;
			buildSettings = {
				ALWAYS_SEARCH_USER_PATHS = NO;
				CLANG_ANALYZER_NONNULL = YES;
				CLANG_ANALYZER_NUMBER_OBJECT_CONVERSION = YES_AGGRESSIVE;
				CLANG_CXX_LANGUAGE_STANDARD = "gnu++20";
				CLANG_ENABLE_MODULES = YES;
				CLANG_ENABLE_OBJC_ARC = YES;
				CLANG_ENABLE_OBJC_WEAK = YES;
				CLANG_WARN_BLOCK_CAPTURE_AUTORELEASING = YES;
				CLANG_WARN_BOOL_CONVERSION = YES;
				CLANG_WARN_COMMA = YES;
				CLANG_WARN_CONSTANT_CONVERSION = YES;
				CLANG_WARN_DEPRECATED_OBJC_IMPLEMENTATIONS = YES;
				CLANG_WARN_DIRECT_OBJC_ISA_USAGE = YES_ERROR;
				CLANG_WARN_DOCUMENTATION_COMMENTS = YES;
				CLANG_WARN_EMPTY_BODY = YES;
				CLANG_WARN_ENUM_CONVERSION = YES;
				CLANG_WARN_INFINITE_RECURSION = YES;
				CLANG_WARN_INT_CONVERSION = YES;
				CLANG_WARN_NON_LITERAL_NULL_CONVERSION = YES;
				CLANG_WARN_OBJC_IMPLICIT_RETAIN_SELF = YES;
				CLANG_WARN_OBJC_LITERAL_CONVERSION = YES;
				CLANG_WARN_OBJC_ROOT_CLASS = YES_ERROR;
				CLANG_WARN_QUOTED_INCLUDE_IN_FRAMEWORK_HEADER = YES;
				CLANG_WARN_RANGE_LOOP_ANALYSIS = YES;
				CLANG_WARN_STRICT_PROTOTYPES = YES;
				CLANG_WARN_SUSPICIOUS_MOVE = YES;
				CLANG_WARN_UNGUARDED_AVAILABILITY = YES_AGGRESSIVE;
				CLANG_WARN_UNREACHABLE_CODE = YES;
				CLANG_WARN__DUPLICATE_METHOD_MATCH = YES;
				COPY_PHASE_STRIP = NO;
				DEBUG_INFORMATION_FORMAT = "dwarf-with-dsym";
				ENABLE_NS_ASSERTIONS = NO;
				ENABLE_STRICT_OBJC_MSGSEND = YES;
				GCC_C_LANGUAGE_STANDARD = gnu11;
				GCC_NO_COMMON_BLOCKS = YES;
				GCC_WARN_64_TO_32_BIT_CONVERSION = YES;
				GCC_WARN_ABOUT_RETURN_TYPE = YES_ERROR;
				GCC_WARN_UNDECLARED_SELECTOR = YES;
				GCC_WARN_UNINITIALIZED_AUTOS = YES_AGGRESSIVE;
				GCC_WARN_UNUSED_FUNCTION = YES;
				GCC_WARN_UNUSED_VARIABLE = YES;
				IPHONEOS_DEPLOYMENT_TARGET = 16.4;
				MTL_ENABLE_DEBUG_INFO = NO;
				MTL_FAST_MATH = YES;
				SDKROOT = iphoneos;
				SWIFT_COMPILATION_MODE = wholemodule;
				SWIFT_OPTIMIZATION_LEVEL = "-O";
				VALIDATE_PRODUCT = YES;
			};
			name = Release;
		};
		78626B852A1E7634003102D3 /* Debug */ = {
			isa = XCBuildConfiguration;
			buildSettings = {
				ASSETCATALOG_COMPILER_APPICON_NAME = AppIcon;
				ASSETCATALOG_COMPILER_GLOBAL_ACCENT_COLOR_NAME = AccentColor;
				CODE_SIGN_STYLE = Automatic;
				CURRENT_PROJECT_VERSION = 1;
				DEVELOPMENT_TEAM = JNZT32R8TA;
				GENERATE_INFOPLIST_FILE = YES;
				INFOPLIST_FILE = ProjectWorkout/Info.plist;
				INFOPLIST_KEY_UIApplicationSupportsIndirectInputEvents = YES;
				INFOPLIST_KEY_UILaunchStoryboardName = LaunchScreen;
				INFOPLIST_KEY_UISupportedInterfaceOrientations_iPad = "UIInterfaceOrientationPortrait UIInterfaceOrientationPortraitUpsideDown UIInterfaceOrientationLandscapeLeft UIInterfaceOrientationLandscapeRight";
				INFOPLIST_KEY_UISupportedInterfaceOrientations_iPhone = "UIInterfaceOrientationPortrait UIInterfaceOrientationLandscapeLeft UIInterfaceOrientationLandscapeRight";
				LD_RUNPATH_SEARCH_PATHS = (
					"$(inherited)",
					"@executable_path/Frameworks",
				);
				MARKETING_VERSION = 1.0;
				PRODUCT_BUNDLE_IDENTIFIER = com.premyslmikulenka.ProjectWorkout;
				PRODUCT_NAME = "$(TARGET_NAME)";
				SWIFT_EMIT_LOC_STRINGS = YES;
				SWIFT_VERSION = 5.0;
				TARGETED_DEVICE_FAMILY = "1,2";
			};
			name = Debug;
		};
		78626B862A1E7634003102D3 /* Release */ = {
			isa = XCBuildConfiguration;
			buildSettings = {
				ASSETCATALOG_COMPILER_APPICON_NAME = AppIcon;
				ASSETCATALOG_COMPILER_GLOBAL_ACCENT_COLOR_NAME = AccentColor;
				CODE_SIGN_STYLE = Automatic;
				CURRENT_PROJECT_VERSION = 1;
				DEVELOPMENT_TEAM = JNZT32R8TA;
				GENERATE_INFOPLIST_FILE = YES;
				INFOPLIST_FILE = ProjectWorkout/Info.plist;
				INFOPLIST_KEY_UIApplicationSupportsIndirectInputEvents = YES;
				INFOPLIST_KEY_UILaunchStoryboardName = LaunchScreen;
				INFOPLIST_KEY_UISupportedInterfaceOrientations_iPad = "UIInterfaceOrientationPortrait UIInterfaceOrientationPortraitUpsideDown UIInterfaceOrientationLandscapeLeft UIInterfaceOrientationLandscapeRight";
				INFOPLIST_KEY_UISupportedInterfaceOrientations_iPhone = "UIInterfaceOrientationPortrait UIInterfaceOrientationLandscapeLeft UIInterfaceOrientationLandscapeRight";
				LD_RUNPATH_SEARCH_PATHS = (
					"$(inherited)",
					"@executable_path/Frameworks",
				);
				MARKETING_VERSION = 1.0;
				PRODUCT_BUNDLE_IDENTIFIER = com.premyslmikulenka.ProjectWorkout;
				PRODUCT_NAME = "$(TARGET_NAME)";
				SWIFT_EMIT_LOC_STRINGS = YES;
				SWIFT_VERSION = 5.0;
				TARGETED_DEVICE_FAMILY = "1,2";
			};
			name = Release;
		};
/* End XCBuildConfiguration section */

/* Begin XCConfigurationList section */
		78626B6B2A1E7633003102D3 /* Build configuration list for PBXProject "ProjectWorkout" */ = {
			isa = XCConfigurationList;
			buildConfigurations = (
				78626B822A1E7634003102D3 /* Debug */,
				78626B832A1E7634003102D3 /* Release */,
			);
			defaultConfigurationIsVisible = 0;
			defaultConfigurationName = Release;
		};
		78626B842A1E7634003102D3 /* Build configuration list for PBXNativeTarget "ProjectWorkout" */ = {
			isa = XCConfigurationList;
			buildConfigurations = (
				78626B852A1E7634003102D3 /* Debug */,
				78626B862A1E7634003102D3 /* Release */,
			);
			defaultConfigurationIsVisible = 0;
			defaultConfigurationName = Release;
		};
/* End XCConfigurationList section */
	};
	rootObject = 78626B682A1E7633003102D3 /* Project object */;
}
